github.com/buildkite/conditional v1.0.0 h1:4ChSac86B7Bz2h7TtA4dvrsU5rpiRY2PoYGu48MK268=
github.com/buildkite/conditional v1.0.0/go.mod h1:fKYF0ZlB/xhihV3uPvNiH4h9earFii9KC4Wxlx+406w=
github.com/dlclark/regexp2 v1.12.0 h1:0j4c5qQmnC6XOWNjP3PIXURXN2gWx76rd3KvgdPkCz8=
github.com/dlclark/regexp2 v1.12.0/go.mod h1:DHkYz0B9wPfa6wondMfaivmHpzrQ3v9q8cnmRbL6yW8=
github.com/itchyny/json2yaml v0.1.5 h1:wKaepxwivjcn2ssiLu7v4KrLKSIILWtwD/8L054tTdI=
github.com/itchyny/json2yaml v0.1.5/go.mod h1:lBQ0JI7HugKRQy/c5/U3KRymvBNub/HTbSXHS9/4018=
